PODS:
  - DZNEmptyDataSet (1.8.1)
  - IQKeyboardManager (6.4.0)
  - MBProgressHUD (1.1.0)
  - RJVFL (1.0.4)
  - SDWebImage (5.1.0):
    - SDWebImage/Core (= 5.1.0)
  - SDWebImage/Core (5.1.0)
  - TYCyclePagerView (1.2.0)
  - YBImageBrowser (3.0.4):
    - YBImageBrowser/Core (= 3.0.4)
  - YBImageBrowser/Core (3.0.4):
    - SDWebImage (>= 5.0.0)
    - YYImage
  - YYImage (1.0.4):
    - YYImage/Core (= 1.0.4)
  - YYImage/Core (1.0.4)
  - YYText (1.0.7)

DEPENDENCIES:
  - DZNEmptyDataSet
  - IQKeyboardManager
  - MBProgressHUD
  - RJVFL
  - SDWebImage
  - TYCyclePagerView
  - YBImageBrowser
  - YYText

SPEC REPOS:
  https://github.com/cocoapods/specs.git:
    - DZNEmptyDataSet
    - IQKeyboardManager
    - MBProgressHUD
    - RJVFL
    - SDWebImage
    - TYCyclePagerView
    - YBImageBrowser
    - YYImage
    - YYText

SPEC CHECKSUMS:
  DZNEmptyDataSet: 9525833b9e68ac21c30253e1d3d7076cc828eaa7
  IQKeyboardManager: fcef267266379c003181fc3592f6bdb8bf4db839
  MBProgressHUD: e7baa36a220447d8aeb12769bf0585582f3866d9
  RJVFL: 0c8137086b266b6127933237ab1627e842dcf101
  SDWebImage: fb387001955223213dde14bc08c8b73f371f8d8f
  TYCyclePagerView: 2b051dade0615c70784aa34f40c646feeddb7344
  YBImageBrowser: c02f42bbc89955f5a88ddb57e0b94ff9fdbee461
  YYImage: 1e1b62a9997399593e4b9c4ecfbbabbf1d3f3b54
  YYText: 5c461d709e24d55a182d1441c41dc639a18a4849

PODFILE CHECKSUM: 79af3b5163b8ec111508af0c2bb6438f079514a9

COCOAPODS: 1.7.2
